
Microsoft Visual Studio Solution File, Format Version 12.00
# Visual Studio Version 17
VisualStudioVersion = 17.6.33829.357
MinimumVisualStudioVersion = 10.0.40219.1
Project("{FAE04EC0-301F-11D3-BF4B-00C04F79EFBC}") = "CachingWebApi", "CachingWebApi\CachingWebApi.csproj", "{CA3D9541-A5D0-44E6-B5E5-77DE204CF879}"
EndProject
Global
	GlobalSection(SolutionConfigurationPlatforms) = preSolution
		Debug|Any CPU = Debug|Any CPU
		Release|Any CPU = Release|Any CPU
	EndGlobalSection
	GlobalSection(ProjectConfigurationPlatforms) = postSolution
		{CA3D9541-A5D0-44E6-B5E5-77DE204CF879}.Debug|Any CPU.ActiveCfg = Debug|Any CPU
		{CA3D9541-A5D0-44E6-B5E5-77DE204CF879}.Debug|Any CPU.Build.0 = Debug|Any CPU
		{CA3D9541-A5D0-44E6-B5E5-77DE204CF879}.Release|Any CPU.ActiveCfg = Release|Any CPU
		{CA3D9541-A5D0-44E6-B5E5-77DE204CF879}.Release|Any CPU.Build.0 = Release|Any CPU
	EndGlobalSection
	GlobalSection(SolutionProperties) = preSolution
		HideSolutionNode = FALSE
	EndGlobalSection
	GlobalSection(ExtensibilityGlobals) = postSolution
		SolutionGuid = {8CE96AF1-788E-48AC-9C9F-2CC4CA5B7B77}
	EndGlobalSection
EndGlobal
